// !$*UTF8*$!
{
	archiveVersion = 1;
	classes = {
	};
	objectVersion = 51;
	objects = {

/* Begin PBXBuildFile section */
		146C0BF7251CF66200787185 /* MovieCell.swift in Sources */ = {isa = PBXBuildFile; fileRef = 146C0BF6251CF66200787185 /* MovieCell.swift */; };
		146EF5EC25256972005F7685 /* MovieDetailsViewController.swift in Sources */ = {isa = PBXBuildFile; fileRef = 146EF5EB25256972005F7685 /* MovieDetailsViewController.swift */; };
		14A334A0251AB86000C5CA11 /* AppDelegate.swift in Sources */ = {isa = PBXBuildFile; fileRef = 14A3349F251AB86000C5CA11 /* AppDelegate.swift */; };
		14A334A2251AB86000C5CA11 /* SceneDelegate.swift in Sources */ = {isa = PBXBuildFile; fileRef = 14A334A1251AB86000C5CA11 /* SceneDelegate.swift */; };
		14A334A7251AB86000C5CA11 /* Main.storyboard in Resources */ = {isa = PBXBuildFile; fileRef = 14A334A5251AB86000C5CA11 /* Main.storyboard */; };
		14A334A9251AB86400C5CA11 /* Assets.xcassets in Resources */ = {isa = PBXBuildFile; fileRef = 14A334A8251AB86400C5CA11 /* Assets.xcassets */; };
		14A334AC251AB86400C5CA11 /* LaunchScreen.storyboard in Resources */ = {isa = PBXBuildFile; fileRef = 14A334AA251AB86400C5CA11 /* LaunchScreen.storyboard */; };
		14A334B7251AB86400C5CA11 /* flixsterTests.swift in Sources */ = {isa = PBXBuildFile; fileRef = 14A334B6251AB86400C5CA11 /* flixsterTests.swift */; };
		14A334C2251AB86500C5CA11 /* flixsterUITests.swift in Sources */ = {isa = PBXBuildFile; fileRef = 14A334C1251AB86500C5CA11 /* flixsterUITests.swift */; };
		14A334E1251AD2FD00C5CA11 /* MoviesViewController.swift in Sources */ = {isa = PBXBuildFile; fileRef = 14A334E0251AD2FD00C5CA11 /* MoviesViewController.swift */; };
		14F05E2F25257C4A00314B47 /* MovieGridViewController.swift in Sources */ = {isa = PBXBuildFile; fileRef = 14F05E2E25257C4A00314B47 /* MovieGridViewController.swift */; };
		52E9409CB7C9244880676FE1 /* Pods_flixster_flixsterUITests.framework in Frameworks */ = {isa = PBXBuildFile; fileRef = EACCA5461274DAF04C6A7118 /* Pods_flixster_flixsterUITests.framework */; };
		59AE0BC00F9CD972E7C5B4BC /* Pods_flixsterTests.framework in Frameworks */ = {isa = PBXBuildFile; fileRef = 1EA3F1D87FD6E2459FAF9F4C /* Pods_flixsterTests.framework */; };
		6B54A348A6A1F690DD5C8F9B /* Pods_flixster.framework in Frameworks */ = {isa = PBXBuildFile; fileRef = 6D7E3BCE4A360150FDDED9FF /* Pods_flixster.framework */; };
/* End PBXBuildFile section */

/* Begin PBXContainerItemProxy section */
		14A334B3251AB86400C5CA11 /* PBXContainerItemProxy */ = {
			isa = PBXContainerItemProxy;
			containerPortal = 14A33494251AB86000C5CA11 /* Project object */;
			proxyType = 1;
			remoteGlobalIDString = 14A3349B251AB86000C5CA11;
			remoteInfo = flixster;
		};
		14A334BE251AB86500C5CA11 /* PBXContainerItemProxy */ = {
			isa = PBXContainerItemProxy;
			containerPortal = 14A33494251AB86000C5CA11 /* Project object */;
			proxyType = 1;
			remoteGlobalIDString = 14A3349B251AB86000C5CA11;
			remoteInfo = flixster;
		};
/* End PBXContainerItemProxy section */

/* Begin PBXFileReference section */
		06F5E6496FB4BCB38A119D47 /* Pods-flixster.release.xcconfig */ = {isa = PBXFileReference; includeInIndex = 1; lastKnownFileType = text.xcconfig; name = "Pods-flixster.release.xcconfig"; path = "Target Support Files/Pods-flixster/Pods-flixster.release.xcconfig"; sourceTree = "<group>"; };
		146C0BF6251CF66200787185 /* MovieCell.swift */ = {isa = PBXFileReference; lastKnownFileType = sourcecode.swift; path = MovieCell.swift; sourceTree = "<group>"; };
		146EF5EB25256972005F7685 /* MovieDetailsViewController.swift */ = {isa = PBXFileReference; lastKnownFileType = sourcecode.swift; path = MovieDetailsViewController.swift; sourceTree = "<group>"; };
		14A3349C251AB86000C5CA11 /* flixster.app */ = {isa = PBXFileReference; explicitFileType = wrapper.application; includeInIndex = 0; path = flixster.app; sourceTree = BUILT_PRODUCTS_DIR; };
		14A3349F251AB86000C5CA11 /* AppDelegate.swift */ = {isa = PBXFileReference; lastKnownFileType = sourcecode.swift; path = AppDelegate.swift; sourceTree = "<group>"; };
		14A334A1251AB86000C5CA11 /* SceneDelegate.swift */ = {isa = PBXFileReference; lastKnownFileType = sourcecode.swift; path = SceneDelegate.swift; sourceTree = "<group>"; };
		14A334A6251AB86000C5CA11 /* Base */ = {isa = PBXFileReference; lastKnownFileType = file.storyboard; name = Base; path = Base.lproj/Main.storyboard; sourceTree = "<group>"; };
		14A334A8251AB86400C5CA11 /* Assets.xcassets */ = {isa = PBXFileReference; lastKnownFileType = folder.assetcatalog; path = Assets.xcassets; sourceTree = "<group>"; };
		14A334AB251AB86400C5CA11 /* Base */ = {isa = PBXFileReference; lastKnownFileType = file.storyboard; name = Base; path = Base.lproj/LaunchScreen.storyboard; sourceTree = "<group>"; };
		14A334AD251AB86400C5CA11 /* Info.plist */ = {isa = PBXFileReference; lastKnownFileType = text.plist.xml; path = Info.plist; sourceTree = "<group>"; };
		14A334B2251AB86400C5CA11 /* flixsterTests.xctest */ = {isa = PBXFileReference; explicitFileType = wrapper.cfbundle; includeInIndex = 0; path = flixsterTests.xctest; sourceTree = BUILT_PRODUCTS_DIR; };
		14A334B6251AB86400C5CA11 /* flixsterTests.swift */ = {isa = PBXFileReference; lastKnownFileType = sourcecode.swift; path = flixsterTests.swift; sourceTree = "<group>"; };
		14A334B8251AB86400C5CA11 /* Info.plist */ = {isa = PBXFileReference; lastKnownFileType = text.plist.xml; path = Info.plist; sourceTree = "<group>"; };
		14A334BD251AB86500C5CA11 /* flixsterUITests.xctest */ = {isa = PBXFileReference; explicitFileType = wrapper.cfbundle; includeInIndex = 0; path = flixsterUITests.xctest; sourceTree = BUILT_PRODUCTS_DIR; };
		14A334C1251AB86500C5CA11 /* flixsterUITests.swift */ = {isa = PBXFileReference; lastKnownFileType = sourcecode.swift; path = flixsterUITests.swift; sourceTree = "<group>"; };
		14A334C3251AB86500C5CA11 /* Info.plist */ = {isa = PBXFileReference; lastKnownFileType = text.plist.xml; path = Info.plist; sourceTree = "<group>"; };
		14A334E0251AD2FD00C5CA11 /* MoviesViewController.swift */ = {isa = PBXFileReference; lastKnownFileType = sourcecode.swift; path = MoviesViewController.swift; sourceTree = "<group>"; };
		14F05E2E25257C4A00314B47 /* MovieGridViewController.swift */ = {isa = PBXFileReference; lastKnownFileType = sourcecode.swift; path = MovieGridViewController.swift; sourceTree = "<group>"; };
		1EA3F1D87FD6E2459FAF9F4C /* Pods_flixsterTests.framework */ = {isa = PBXFileReference; explicitFileType = wrapper.framework; includeInIndex = 0; path = Pods_flixsterTests.framework; sourceTree = BUILT_PRODUCTS_DIR; };
		1F2A7F48D11408BB82CCFD4C /* Pods-flixster.debug.xcconfig */ = {isa = PBXFileReference; includeInIndex = 1; lastKnownFileType = text.xcconfig; name = "Pods-flixster.debug.xcconfig"; path = "Target Support Files/Pods-flixster/Pods-flixster.debug.xcconfig"; sourceTree = "<group>"; };
		5D9EC2343495DE63733E12D7 /* Pods-flixster-flixsterUITests.debug.xcconfig */ = {isa = PBXFileReference; includeInIndex = 1; lastKnownFileType = text.xcconfig; name = "Pods-flixster-flixsterUITests.debug.xcconfig"; path = "Target Support Files/Pods-flixster-flixsterUITests/Pods-flixster-flixsterUITests.debug.xcconfig"; sourceTree = "<group>"; };
		6D7E3BCE4A360150FDDED9FF /* Pods_flixster.framework */ = {isa = PBXFileReference; explicitFileType = wrapper.framework; includeInIndex = 0; path = Pods_flixster.framework; sourceTree = BUILT_PRODUCTS_DIR; };
		C0A16889530B2946A17FBFBB /* Pods-flixster-flixsterUITests.release.xcconfig */ = {isa = PBXFileReference; includeInIndex = 1; lastKnownFileType = text.xcconfig; name = "Pods-flixster-flixsterUITests.release.xcconfig"; path = "Target Support Files/Pods-flixster-flixsterUITests/Pods-flixster-flixsterUITests.release.xcconfig"; sourceTree = "<group>"; };
		CE4801402A2BDC2B54C9F0AD /* Pods-flixsterTests.debug.xcconfig */ = {isa = PBXFileReference; includeInIndex = 1; lastKnownFileType = text.xcconfig; name = "Pods-flixsterTests.debug.xcconfig"; path = "Target Support Files/Pods-flixsterTests/Pods-flixsterTests.debug.xcconfig"; sourceTree = "<group>"; };
		E09F7FE9D216D62882EBCBCC /* Pods-flixsterTests.release.xcconfig */ = {isa = PBXFileReference; includeInIndex = 1; lastKnownFileType = text.xcconfig; name = "Pods-flixsterTests.release.xcconfig"; path = "Target Support Files/Pods-flixsterTests/Pods-flixsterTests.release.xcconfig"; sourceTree = "<group>"; };
		EACCA5461274DAF04C6A7118 /* Pods_flixster_flixsterUITests.framework */ = {isa = PBXFileReference; explicitFileType = wrapper.framework; includeInIndex = 0; path = Pods_flixster_flixsterUITests.framework; sourceTree = BUILT_PRODUCTS_DIR; };
/* End PBXFileReference section */

/* Begin PBXFrameworksBuildPhase section */
		14A33499251AB86000C5CA11 /* Frameworks */ = {
			isa = PBXFrameworksBuildPhase;
			buildActionMask = 2147483647;
			files = (
				6B54A348A6A1F690DD5C8F9B /* Pods_flixster.framework in Frameworks */,
			);
			runOnlyForDeploymentPostprocessing = 0;
		};
		14A334AF251AB86400C5CA11 /* Frameworks */ = {
			isa = PBXFrameworksBuildPhase;
			buildActionMask = 2147483647;
			files = (
				59AE0BC00F9CD972E7C5B4BC /* Pods_flixsterTests.framework in Frameworks */,
			);
			runOnlyForDeploymentPostprocessing = 0;
		};
		14A334BA251AB86500C5CA11 /* Frameworks */ = {
			isa = PBXFrameworksBuildPhase;
			buildActionMask = 2147483647;
			files = (
				52E9409CB7C9244880676FE1 /* Pods_flixster_flixsterUITests.framework in Frameworks */,
			);
			runOnlyForDeploymentPostprocessing = 0;
		};
/* End PBXFrameworksBuildPhase section */

/* Begin PBXGroup section */
		14A33493251AB86000C5CA11 = {
			isa = PBXGroup;
			children = (
				14A3349E251AB86000C5CA11 /* flixster */,
				14A334B5251AB86400C5CA11 /* flixsterTests */,
				14A334C0251AB86500C5CA11 /* flixsterUITests */,
				14A3349D251AB86000C5CA11 /* Products */,
				1A97F637A9CB65A51D30CB01 /* Pods */,
				6327E65DDBA81A15C49693C1 /* Frameworks */,
			);
			sourceTree = "<group>";
		};
		14A3349D251AB86000C5CA11 /* Products */ = {
			isa = PBXGroup;
			children = (
				14A3349C251AB86000C5CA11 /* flixster.app */,
				14A334B2251AB86400C5CA11 /* flixsterTests.xctest */,
				14A334BD251AB86500C5CA11 /* flixsterUITests.xctest */,
			);
			name = Products;
			sourceTree = "<group>";
		};
		14A3349E251AB86000C5CA11 /* flixster */ = {
			isa = PBXGroup;
			children = (
				14A3349F251AB86000C5CA11 /* AppDelegate.swift */,
				14A334A1251AB86000C5CA11 /* SceneDelegate.swift */,
				14A334A5251AB86000C5CA11 /* Main.storyboard */,
				14A334A8251AB86400C5CA11 /* Assets.xcassets */,
				14A334AA251AB86400C5CA11 /* LaunchScreen.storyboard */,
				14A334AD251AB86400C5CA11 /* Info.plist */,
				14A334E0251AD2FD00C5CA11 /* MoviesViewController.swift */,
				146C0BF6251CF66200787185 /* MovieCell.swift */,
				146EF5EB25256972005F7685 /* MovieDetailsViewController.swift */,
				14F05E2E25257C4A00314B47 /* MovieGridViewController.swift */,
			);
			path = flixster;
			sourceTree = "<group>";
		};
		14A334B5251AB86400C5CA11 /* flixsterTests */ = {
			isa = PBXGroup;
			children = (
				14A334B6251AB86400C5CA11 /* flixsterTests.swift */,
				14A334B8251AB86400C5CA11 /* Info.plist */,
			);
			path = flixsterTests;
			sourceTree = "<group>";
		};
		14A334C0251AB86500C5CA11 /* flixsterUITests */ = {
			isa = PBXGroup;
			children = (
				14A334C1251AB86500C5CA11 /* flixsterUITests.swift */,
				14A334C3251AB86500C5CA11 /* Info.plist */,
			);
			path = flixsterUITests;
			sourceTree = "<group>";
		};
		1A97F637A9CB65A51D30CB01 /* Pods */ = {
			isa = PBXGroup;
			children = (
				1F2A7F48D11408BB82CCFD4C /* Pods-flixster.debug.xcconfig */,
				06F5E6496FB4BCB38A119D47 /* Pods-flixster.release.xcconfig */,
				5D9EC2343495DE63733E12D7 /* Pods-flixster-flixsterUITests.debug.xcconfig */,
				C0A16889530B2946A17FBFBB /* Pods-flixster-flixsterUITests.release.xcconfig */,
				CE4801402A2BDC2B54C9F0AD /* Pods-flixsterTests.debug.xcconfig */,
				E09F7FE9D216D62882EBCBCC /* Pods-flixsterTests.release.xcconfig */,
			);
			path = Pods;
			sourceTree = "<group>";
		};
		6327E65DDBA81A15C49693C1 /* Frameworks */ = {
			isa = PBXGroup;
			children = (
				6D7E3BCE4A360150FDDED9FF /* Pods_flixster.framework */,
				EACCA5461274DAF04C6A7118 /* Pods_flixster_flixsterUITests.framework */,
				1EA3F1D87FD6E2459FAF9F4C /* Pods_flixsterTests.framework */,
			);
			name = Frameworks;
			sourceTree = "<group>";
		};
/* End PBXGroup section */

/* Begin PBXNativeTarget section */
		14A3349B251AB86000C5CA11 /* flixster */ = {
			isa = PBXNativeTarget;
			buildConfigurationList = 14A334C6251AB86500C5CA11 /* Build configuration list for PBXNativeTarget "flixster" */;
			buildPhases = (
				40076C0CB2242C278DED83B5 /* [CP] Check Pods Manifest.lock */,
				14A33498251AB86000C5CA11 /* Sources */,
				14A33499251AB86000C5CA11 /* Frameworks */,
				14A3349A251AB86000C5CA11 /* Resources */,
				2CD248282889ED4C2C5B20E7 /* [CP] Embed Pods Frameworks */,
			);
			buildRules = (
			);
			dependencies = (
			);
			name = flixster;
			productName = flixster;
			productReference = 14A3349C251AB86000C5CA11 /* flixster.app */;
			productType = "com.apple.product-type.application";
		};
		14A334B1251AB86400C5CA11 /* flixsterTests */ = {
			isa = PBXNativeTarget;
			buildConfigurationList = 14A334C9251AB86500C5CA11 /* Build configuration list for PBXNativeTarget "flixsterTests" */;
			buildPhases = (
				15999935A83C449A9444D041 /* [CP] Check Pods Manifest.lock */,
				14A334AE251AB86400C5CA11 /* Sources */,
				14A334AF251AB86400C5CA11 /* Frameworks */,
				14A334B0251AB86400C5CA11 /* Resources */,
			);
			buildRules = (
			);
			dependencies = (
				14A334B4251AB86400C5CA11 /* PBXTargetDependency */,
			);
			name = flixsterTests;
			productName = flixsterTests;
			productReference = 14A334B2251AB86400C5CA11 /* flixsterTests.xctest */;
			productType = "com.apple.product-type.bundle.unit-test";
		};
		14A334BC251AB86500C5CA11 /* flixsterUITests */ = {
			isa = PBXNativeTarget;
			buildConfigurationList = 14A334CC251AB86500C5CA11 /* Build configuration list for PBXNativeTarget "flixsterUITests" */;
			buildPhases = (
				6F6290F1FFBEF0E42AA09938 /* [CP] Check Pods Manifest.lock */,
				14A334B9251AB86500C5CA11 /* Sources */,
				14A334BA251AB86500C5CA11 /* Frameworks */,
				14A334BB251AB86500C5CA11 /* Resources */,
				CDF0943A573D5D3E872B40ED /* [CP] Embed Pods Frameworks */,
			);
			buildRules = (
			);
			dependencies = (
				14A334BF251AB86500C5CA11 /* PBXTargetDependency */,
			);
			name = flixsterUITests;
			productName = flixsterUITests;
			productReference = 14A334BD251AB86500C5CA11 /* flixsterUITests.xctest */;
			productType = "com.apple.product-type.bundle.ui-testing";
		};
/* End PBXNativeTarget section */

/* Begin PBXProject section */
		14A33494251AB86000C5CA11 /* Project object */ = {
			isa = PBXProject;
			attributes = {
				LastSwiftUpdateCheck = 1200;
				LastUpgradeCheck = 1200;
				TargetAttributes = {
					14A3349B251AB86000C5CA11 = {
						CreatedOnToolsVersion = 12.0;
					};
					14A334B1251AB86400C5CA11 = {
						CreatedOnToolsVersion = 12.0;
						TestTargetID = 14A3349B251AB86000C5CA11;
					};
					14A334BC251AB86500C5CA11 = {
						CreatedOnToolsVersion = 12.0;
						TestTargetID = 14A3349B251AB86000C5CA11;
					};
				};
			};
			buildConfigurationList = 14A33497251AB86000C5CA11 /* Build configuration list for PBXProject "flixster" */;
			compatibilityVersion = "Xcode 9.3";
			developmentRegion = en;
			hasScannedForEncodings = 0;
			knownRegions = (
				en,
				Base,
			);
			mainGroup = 14A33493251AB86000C5CA11;
			productRefGroup = 14A3349D251AB86000C5CA11 /* Products */;
			projectDirPath = "";
			projectRoot = "";
			targets = (
				14A3349B251AB86000C5CA11 /* flixster */,
				14A334B1251AB86400C5CA11 /* flixsterTests */,
				14A334BC251AB86500C5CA11 /* flixsterUITests */,
			);
		};
/* End PBXProject section */

/* Begin PBXResourcesBuildPhase section */
		14A3349A251AB86000C5CA11 /* Resources */ = {
			isa = PBXResourcesBuildPhase;
			buildActionMask = 2147483647;
			files = (
				14A334AC251AB86400C5CA11 /* LaunchScreen.storyboard in Resources */,
				14A334A9251AB86400C5CA11 /* Assets.xcassets in Resources */,
				14A334A7251AB86000C5CA11 /* Main.storyboard in Resources */,
			);
			runOnlyForDeploymentPostprocessing = 0;
		};
		14A334B0251AB86400C5CA11 /* Resources */ = {
			isa = PBXResourcesBuildPhase;
			buildActionMask = 2147483647;
			files = (
			);
			runOnlyForDeploymentPostprocessing = 0;
		};
		14A334BB251AB86500C5CA11 /* Resources */ = {
			isa = PBXResourcesBuildPhase;
			buildActionMask = 2147483647;
			files = (
			);
			runOnlyForDeploymentPostprocessing = 0;
		};
/* End PBXResourcesBuildPhase section */

/* Begin PBXShellScriptBuildPhase section */
		15999935A83C449A9444D041 /* [CP] Check Pods Manifest.lock */ = {
			isa = PBXShellScriptBuildPhase;
			buildActionMask = 2147483647;
			files = (
			);
			inputFileListPaths = (
			);
			inputPaths = (
				"${PODS_PODFILE_DIR_PATH}/Podfile.lock",
				"${PODS_ROOT}/Manifest.lock",
			);
			name = "[CP] Check Pods Manifest.lock";
			outputFileListPaths = (
			);
			outputPaths = (
				"$(DERIVED_FILE_DIR)/Pods-flixsterTests-checkManifestLockResult.txt",
			);
			runOnlyForDeploymentPostprocessing = 0;
			shellPath = /bin/sh;
			shellScript = "diff \"${PODS_PODFILE_DIR_PATH}/Podfile.lock\" \"${PODS_ROOT}/Manifest.lock\" > /dev/null\nif [ $? != 0 ] ; then\n    # print error to STDERR\n    echo \"error: The sandbox is not in sync with the Podfile.lock. Run 'pod install' or update your CocoaPods installation.\" >&2\n    exit 1\nfi\n# This output is used by Xcode 'outputs' to avoid re-running this script phase.\necho \"SUCCESS\" > \"${SCRIPT_OUTPUT_FILE_0}\"\n";
			showEnvVarsInLog = 0;
		};
		2CD248282889ED4C2C5B20E7 /* [CP] Embed Pods Frameworks */ = {
			isa = PBXShellScriptBuildPhase;
			buildActionMask = 2147483647;
			files = (
			);
			inputFileListPaths = (
				"${PODS_ROOT}/Target Support Files/Pods-flixster/Pods-flixster-frameworks-${CONFIGURATION}-input-files.xcfilelist",
			);
			name = "[CP] Embed Pods Frameworks";
			outputFileListPaths = (
				"${PODS_ROOT}/Target Support Files/Pods-flixster/Pods-flixster-frameworks-${CONFIGURATION}-output-files.xcfilelist",
			);
			runOnlyForDeploymentPostprocessing = 0;
			shellPath = /bin/sh;
			shellScript = "\"${PODS_ROOT}/Target Support Files/Pods-flixster/Pods-flixster-frameworks.sh\"\n";
			showEnvVarsInLog = 0;
		};
		40076C0CB2242C278DED83B5 /* [CP] Check Pods Manifest.lock */ = {
			isa = PBXShellScriptBuildPhase;
			buildActionMask = 2147483647;
			files = (
			);
			inputFileListPaths = (
			);
			inputPaths = (
				"${PODS_PODFILE_DIR_PATH}/Podfile.lock",
				"${PODS_ROOT}/Manifest.lock",
			);
			name = "[CP] Check Pods Manifest.lock";
			outputFileListPaths = (
			);
			outputPaths = (
				"$(DERIVED_FILE_DIR)/Pods-flixster-checkManifestLockResult.txt",
			);
			runOnlyForDeploymentPostprocessing = 0;
			shellPath = /bin/sh;
			shellScript = "diff \"${PODS_PODFILE_DIR_PATH}/Podfile.lock\" \"${PODS_ROOT}/Manifest.lock\" > /dev/null\nif [ $? != 0 ] ; then\n    # print error to STDERR\n    echo \"error: The sandbox is not in sync with the Podfile.lock. Run 'pod install' or update your CocoaPods installation.\" >&2\n    exit 1\nfi\n# This output is used by Xcode 'outputs' to avoid re-running this script phase.\necho \"SUCCESS\" > \"${SCRIPT_OUTPUT_FILE_0}\"\n";
			showEnvVarsInLog = 0;
		};
		6F6290F1FFBEF0E42AA09938 /* [CP] Check Pods Manifest.lock */ = {
			isa = PBXShellScriptBuildPhase;
			buildActionMask = 2147483647;
			files = (
			);
			inputFileListPaths = (
			);
			inputPaths = (
				"${PODS_PODFILE_DIR_PATH}/Podfile.lock",
				"${PODS_ROOT}/Manifest.lock",
			);
			name = "[CP] Check Pods Manifest.lock";
			outputFileListPaths = (
			);
			outputPaths = (
				"$(DERIVED_FILE_DIR)/Pods-flixster-flixsterUITests-checkManifestLockResult.txt",
			);
			runOnlyForDeploymentPostprocessing = 0;
			shellPath = /bin/sh;
			shellScript = "diff \"${PODS_PODFILE_DIR_PATH}/Podfile.lock\" \"${PODS_ROOT}/Manifest.lock\" > /dev/null\nif [ $? != 0 ] ; then\n    # print error to STDERR\n    echo \"error: The sandbox is not in sync with the Podfile.lock. Run 'pod install' or update your CocoaPods installation.\" >&2\n    exit 1\nfi\n# This output is used by Xcode 'outputs' to avoid re-running this script phase.\necho \"SUCCESS\" > \"${SCRIPT_OUTPUT_FILE_0}\"\n";
			showEnvVarsInLog = 0;
		};
		CDF0943A573D5D3E872B40ED /* [CP] Embed Pods Frameworks */ = {
			isa = PBXShellScriptBuildPhase;
			buildActionMask = 2147483647;
			files = (
			);
			inputFileListPaths = (
				"${PODS_ROOT}/Target Support Files/Pods-flixster-flixsterUITests/Pods-flixster-flixsterUITests-frameworks-${CONFIGURATION}-input-files.xcfilelist",
			);
			name = "[CP] Embed Pods Frameworks";
			outputFileListPaths = (
				"${PODS_ROOT}/Target Support Files/Pods-flixster-flixsterUITests/Pods-flixster-flixsterUITests-frameworks-${CONFIGURATION}-output-files.xcfilelist",
			);
			runOnlyForDeploymentPostprocessing = 0;
			shellPath = /bin/sh;
			shellScript = "\"${PODS_ROOT}/Target Support Files/Pods-flixster-flixsterUITests/Pods-flixster-flixsterUITests-frameworks.sh\"\n";
			showEnvVarsInLog = 0;
		};
/* End PBXShellScriptBuildPhase section */

/* Begin PBXSourcesBuildPhase section */
		14A33498251AB86000C5CA11 /* Sources */ = {
			isa = PBXSourcesBuildPhase;
			buildActionMask = 2147483647;
			files = (
				146EF5EC25256972005F7685 /* MovieDetailsViewController.swift in Sources */,
				14A334A0251AB86000C5CA11 /* AppDelegate.swift in Sources */,
				14A334A2251AB86000C5CA11 /* SceneDelegate.swift in Sources */,
				146C0BF7251CF66200787185 /* MovieCell.swift in Sources */,
				14A334E1251AD2FD00C5CA11 /* MoviesViewController.swift in Sources */,
				14F05E2F25257C4A00314B47 /* MovieGridViewController.swift in Sources */,
			);
			runOnlyForDeploymentPostprocessing = 0;
		};
		14A334AE251AB86400C5CA11 /* Sources */ = {
			isa = PBXSourcesBuildPhase;
			buildActionMask = 2147483647;
			files = (
				14A334B7251AB86400C5CA11 /* flixsterTests.swift in Sources */,
			);
			runOnlyForDeploymentPostprocessing = 0;
		};
		14A334B9251AB86500C5CA11 /* Sources */ = {
			isa = PBXSourcesBuildPhase;
			buildActionMask = 2147483647;
			files = (
				14A334C2251AB86500C5CA11 /* flixsterUITests.swift in Sources */,
			);
			runOnlyForDeploymentPostprocessing = 0;
		};
/* End PBXSourcesBuildPhase section */

/* Begin PBXTargetDependency section */
		14A334B4251AB86400C5CA11 /* PBXTargetDependency */ = {
			isa = PBXTargetDependency;
			target = 14A3349B251AB86000C5CA11 /* flixster */;
			targetProxy = 14A334B3251AB86400C5CA11 /* PBXContainerItemProxy */;
		};
		14A334BF251AB86500C5CA11 /* PBXTargetDependency */ = {
			isa = PBXTargetDependency;
			target = 14A3349B251AB86000C5CA11 /* flixster */;
			targetProxy = 14A334BE251AB86500C5CA11 /* PBXContainerItemProxy */;
		};
/* End PBXTargetDependency section */

/* Begin PBXVariantGroup section */
		14A334A5251AB86000C5CA11 /* Main.storyboard */ = {
			isa = PBXVariantGroup;
			children = (
				14A334A6251AB86000C5CA11 /* Base */,
			);
			name = Main.storyboard;
			sourceTree = "<group>";
		};
		14A334AA251AB86400C5CA11 /* LaunchScreen.storyboard */ = {
			isa = PBXVariantGroup;
			children = (
				14A334AB251AB86400C5CA11 /* Base */,
			);
			name = LaunchScreen.storyboard;
			sourceTree = "<group>";
		};
/* End PBXVariantGroup section */

/* Begin XCBuildConfiguration section */
		14A334C4251AB86500C5CA11 /* Debug */ = {
			isa = XCBuildConfiguration;
			buildSettings = {
				ALWAYS_SEARCH_USER_PATHS = NO;
				CLANG_ANALYZER_NONNULL = YES;
				CLANG_ANALYZER_NUMBER_OBJECT_CONVERSION = YES_AGGRESSIVE;
				CLANG_CXX_LANGUAGE_STANDARD = "gnu++14";
				CLANG_CXX_LIBRARY = "libc++";
				CLANG_ENABLE_MODULES = YES;
				CLANG_ENABLE_OBJC_ARC = YES;
				CLANG_ENABLE_OBJC_WEAK = YES;
				CLANG_WARN_BLOCK_CAPTURE_AUTORELEASING = YES;
				CLANG_WARN_BOOL_CONVERSION = YES;
				CLANG_WARN_COMMA = YES;
				CLANG_WARN_CONSTANT_CONVERSION = YES;
				CLANG_WARN_DEPRECATED_OBJC_IMPLEMENTATIONS = YES;
				CLANG_WARN_DIRECT_OBJC_ISA_USAGE = YES_ERROR;
				CLANG_WARN_DOCUMENTATION_COMMENTS = YES;
				CLANG_WARN_EMPTY_BODY = YES;
				CLANG_WARN_ENUM_CONVERSION = YES;
				CLANG_WARN_INFINITE_RECURSION = YES;
				CLANG_WARN_INT_CONVERSION = YES;
				CLANG_WARN_NON_LITERAL_NULL_CONVERSION = YES;
				CLANG_WARN_OBJC_IMPLICIT_RETAIN_SELF = YES;
				CLANG_WARN_OBJC_LITERAL_CONVERSION = YES;
				CLANG_WARN_OBJC_ROOT_CLASS = YES_ERROR;
				CLANG_WARN_QUOTED_INCLUDE_IN_FRAMEWORK_HEADER = YES;
				CLANG_WARN_RANGE_LOOP_ANALYSIS = YES;
				CLANG_WARN_STRICT_PROTOTYPES = YES;
				CLANG_WARN_SUSPICIOUS_MOVE = YES;
				CLANG_WARN_UNGUARDED_AVAILABILITY = YES_AGGRESSIVE;
				CLANG_WARN_UNREACHABLE_CODE = YES;
				CLANG_WARN__DUPLICATE_METHOD_MATCH = YES;
				COPY_PHASE_STRIP = NO;
				DEBUG_INFORMATION_FORMAT = dwarf;
				ENABLE_STRICT_OBJC_MSGSEND = YES;
				ENABLE_TESTABILITY = YES;
				GCC_C_LANGUAGE_STANDARD = gnu11;
				GCC_DYNAMIC_NO_PIC = NO;
				GCC_NO_COMMON_BLOCKS = YES;
				GCC_OPTIMIZATION_LEVEL = 0;
				GCC_PREPROCESSOR_DEFINITIONS = (
					"DEBUG=1",
					"$(inherited)",
				);
				GCC_WARN_64_TO_32_BIT_CONVERSION = YES;
				GCC_WARN_ABOUT_RETURN_TYPE = YES_ERROR;
				GCC_WARN_UNDECLARED_SELECTOR = YES;
				GCC_WARN_UNINITIALIZED_AUTOS = YES_AGGRESSIVE;
				GCC_WARN_UNUSED_FUNCTION = YES;
				GCC_WARN_UNUSED_VARIABLE = YES;
				IPHONEOS_DEPLOYMENT_TARGET = 14.0;
				MTL_ENABLE_DEBUG_INFO = INCLUDE_SOURCE;
				MTL_FAST_MATH = YES;
				ONLY_ACTIVE_ARCH = YES;
				SDKROOT = iphoneos;
				SWIFT_ACTIVE_COMPILATION_CONDITIONS = DEBUG;
				SWIFT_OPTIMIZATION_LEVEL = "-Onone";
			};
			name = Debug;
		};
		14A334C5251AB86500C5CA11 /* Release */ = {
			isa = XCBuildConfiguration;
			buildSettings = {
				ALWAYS_SEARCH_USER_PATHS = NO;
				CLANG_ANALYZER_NONNULL = YES;
				CLANG_ANALYZER_NUMBER_OBJECT_CONVERSION = YES_AGGRESSIVE;
				CLANG_CXX_LANGUAGE_STANDARD = "gnu++14";
				CLANG_CXX_LIBRARY = "libc++";
				CLANG_ENABLE_MODULES = YES;
				CLANG_ENABLE_OBJC_ARC = YES;
				CLANG_ENABLE_OBJC_WEAK = YES;
				CLANG_WARN_BLOCK_CAPTURE_AUTORELEASING = YES;
				CLANG_WARN_BOOL_CONVERSION = YES;
				CLANG_WARN_COMMA = YES;
				CLANG_WARN_CONSTANT_CONVERSION = YES;
				CLANG_WARN_DEPRECATED_OBJC_IMPLEMENTATIONS = YES;
				CLANG_WARN_DIRECT_OBJC_ISA_USAGE = YES_ERROR;
				CLANG_WARN_DOCUMENTATION_COMMENTS = YES;
				CLANG_WARN_EMPTY_BODY = YES;
				CLANG_WARN_ENUM_CONVERSION = YES;
				CLANG_WARN_INFINITE_RECURSION = YES;
				CLANG_WARN_INT_CONVERSION = YES;
				CLANG_WARN_NON_LITERAL_NULL_CONVERSION = YES;
				CLANG_WARN_OBJC_IMPLICIT_RETAIN_SELF = YES;
				CLANG_WARN_OBJC_LITERAL_CONVERSION = YES;
				CLANG_WARN_OBJC_ROOT_CLASS = YES_ERROR;
				CLANG_WARN_QUOTED_INCLUDE_IN_FRAMEWORK_HEADER = YES;
				CLANG_WARN_RANGE_LOOP_ANALYSIS = YES;
				CLANG_WARN_STRICT_PROTOTYPES = YES;
				CLANG_WARN_SUSPICIOUS_MOVE = YES;
				CLANG_WARN_UNGUARDED_AVAILABILITY = YES_AGGRESSIVE;
				CLANG_WARN_UNREACHABLE_CODE = YES;
				CLANG_WARN__DUPLICATE_METHOD_MATCH = YES;
				COPY_PHASE_STRIP = NO;
				DEBUG_INFORMATION_FORMAT = "dwarf-with-dsym";
				ENABLE_NS_ASSERTIONS = NO;
				ENABLE_STRICT_OBJC_MSGSEND = YES;
				GCC_C_LANGUAGE_STANDARD = gnu11;
				GCC_NO_COMMON_BLOCKS = YES;
				GCC_WARN_64_TO_32_BIT_CONVERSION = YES;
				GCC_WARN_ABOUT_RETURN_TYPE = YES_ERROR;
				GCC_WARN_UNDECLARED_SELECTOR = YES;
				GCC_WARN_UNINITIALIZED_AUTOS = YES_AGGRESSIVE;
				GCC_WARN_UNUSED_FUNCTION = YES;
				GCC_WARN_UNUSED_VARIABLE = YES;
				IPHONEOS_DEPLOYMENT_TARGET = 14.0;
				MTL_ENABLE_DEBUG_INFO = NO;
				MTL_FAST_MATH = YES;
				SDKROOT = iphoneos;
				SWIFT_COMPILATION_MODE = wholemodule;
				SWIFT_OPTIMIZATION_LEVEL = "-O";
				VALIDATE_PRODUCT = YES;
			};
			name = Release;
		};
		14A334C7251AB86500C5CA11 /* Debug */ = {
			isa = XCBuildConfiguration;
			baseConfigurationReference = 1F2A7F48D11408BB82CCFD4C /* Pods-flixster.debug.xcconfig */;
			buildSettings = {
				ASSETCATALOG_COMPILER_APPICON_NAME = AppIcon;
				ASSETCATALOG_COMPILER_GLOBAL_ACCENT_COLOR_NAME = AccentColor;
				CODE_SIGN_STYLE = Automatic;
				DEVELOPMENT_TEAM = MKL576UND5;
				INFOPLIST_FILE = flixster/Info.plist;
				LD_RUNPATH_SEARCH_PATHS = (
					"$(inherited)",
					"@executable_path/Frameworks",
				);
				PRODUCT_BUNDLE_IDENTIFIER = henryrivera2206.flixster;
				PRODUCT_NAME = "$(TARGET_NAME)";
				SWIFT_VERSION = 5.0;
				TARGETED_DEVICE_FAMILY = "1,2";
			};
			name = Debug;
		};
		14A334C8251AB86500C5CA11 /* Release */ = {
			isa = XCBuildConfiguration;
			baseConfigurationReference = 06F5E6496FB4BCB38A119D47 /* Pods-flixster.release.xcconfig */;
			buildSettings = {
				ASSETCATALOG_COMPILER_APPICON_NAME = AppIcon;
				ASSETCATALOG_COMPILER_GLOBAL_ACCENT_COLOR_NAME = AccentColor;
				CODE_SIGN_STYLE = Automatic;
				DEVELOPMENT_TEAM = MKL576UND5;
				INFOPLIST_FILE = flixster/Info.plist;
				LD_RUNPATH_SEARCH_PATHS = (
					"$(inherited)",
					"@executable_path/Frameworks",
				);
				PRODUCT_BUNDLE_IDENTIFIER = henryrivera2206.flixster;
				PRODUCT_NAME = "$(TARGET_NAME)";
				SWIFT_VERSION = 5.0;
				TARGETED_DEVICE_FAMILY = "1,2";
			};
			name = Release;
		};
		14A334CA251AB86500C5CA11 /* Debug */ = {
			isa = XCBuildConfiguration;
			baseConfigurationReference = CE4801402A2BDC2B54C9F0AD /* Pods-flixsterTests.debug.xcconfig */;
			buildSettings = {
				ALWAYS_EMBED_SWIFT_STANDARD_LIBRARIES = YES;
				BUNDLE_LOADER = "$(TEST_HOST)";
				CODE_SIGN_STYLE = Automatic;
				DEVELOPMENT_TEAM = MKL576UND5;
				INFOPLIST_FILE = flixsterTests/Info.plist;
				IPHONEOS_DEPLOYMENT_TARGET = 14.0;
				LD_RUNPATH_SEARCH_PATHS = (
					"$(inherited)",
					"@executable_path/Frameworks",
					"@loader_path/Frameworks",
				);
				PRODUCT_BUNDLE_IDENTIFIER = henryrivera2206.flixsterTests;
				PRODUCT_NAME = "$(TARGET_NAME)";
				SWIFT_VERSION = 5.0;
				TARGETED_DEVICE_FAMILY = "1,2";
				TEST_HOST = "$(BUILT_PRODUCTS_DIR)/flixster.app/flixster";
			};
			name = Debug;
		};
		14A334CB251AB86500C5CA11 /* Release */ = {
			isa = XCBuildConfiguration;
			baseConfigurationReference = E09F7FE9D216D62882EBCBCC /* Pods-flixsterTests.release.xcconfig */;
			buildSettings = {
				ALWAYS_EMBED_SWIFT_STANDARD_LIBRARIES = YES;
				BUNDLE_LOADER = "$(TEST_HOST)";
				CODE_SIGN_STYLE = Automatic;
				DEVELOPMENT_TEAM = MKL576UND5;
				INFOPLIST_FILE = flixsterTests/Info.plist;
				IPHONEOS_DEPLOYMENT_TARGET = 14.0;
				LD_RUNPATH_SEARCH_PATHS = (
					"$(inherited)",
					"@executable_path/Frameworks",
					"@loader_path/Frameworks",
				);
				PRODUCT_BUNDLE_IDENTIFIER = henryrivera2206.flixsterTests;
				PRODUCT_NAME = "$(TARGET_NAME)";
				SWIFT_VERSION = 5.0;
				TARGETED_DEVICE_FAMILY = "1,2";
				TEST_HOST = "$(BUILT_PRODUCTS_DIR)/flixster.app/flixster";
			};
			name = Release;
		};
		14A334CD251AB86500C5CA11 /* Debug */ = {
			isa = XCBuildConfiguration;
			baseConfigurationReference = 5D9EC2343495DE63733E12D7 /* Pods-flixster-flixsterUITests.debug.xcconfig */;
			buildSettings = {
				ALWAYS_EMBED_SWIFT_STANDARD_LIBRARIES = YES;
				CODE_SIGN_STYLE = Automatic;
				DEVELOPMENT_TEAM = MKL576UND5;
				INFOPLIST_FILE = flixsterUITests/Info.plist;
				LD_RUNPATH_SEARCH_PATHS = (
					"$(inherited)",
					"@executable_path/Frameworks",
					"@loader_path/Frameworks",
				);
				PRODUCT_BUNDLE_IDENTIFIER = henryrivera2206.flixsterUITests;
				PRODUCT_NAME = "$(TARGET_NAME)";
				SWIFT_VERSION = 5.0;
				TARGETED_DEVICE_FAMILY = "1,2";
				TEST_TARGET_NAME = flixster;
			};
			name = Debug;
		};
		14A334CE251AB86500C5CA11 /* Release */ = {
			isa = XCBuildConfiguration;
			baseConfigurationReference = C0A16889530B2946A17FBFBB /* Pods-flixster-flixsterUITests.release.xcconfig */;
			buildSettings = {
				ALWAYS_EMBED_SWIFT_STANDARD_LIBRARIES = YES;
				CODE_SIGN_STYLE = Automatic;
				DEVELOPMENT_TEAM = MKL576UND5;
				INFOPLIST_FILE = flixsterUITests/Info.plist;
				LD_RUNPATH_SEARCH_PATHS = (
					"$(inherited)",
					"@executable_path/Frameworks",
					"@loader_path/Frameworks",
				);
				PRODUCT_BUNDLE_IDENTIFIER = henryrivera2206.flixsterUITests;
				PRODUCT_NAME = "$(TARGET_NAME)";
				SWIFT_VERSION = 5.0;
				TARGETED_DEVICE_FAMILY = "1,2";
				TEST_TARGET_NAME = flixster;
			};
			name = Release;
		};
/* End XCBuildConfiguration section */

/* Begin XCConfigurationList section */
		14A33497251AB86000C5CA11 /* Build configuration list for PBXProject "flixster" */ = {
			isa = XCConfigurationList;
			buildConfigurations = (
				14A334C4251AB86500C5CA11 /* Debug */,
				14A334C5251AB86500C5CA11 /* Release */,
			);
			defaultConfigurationIsVisible = 0;
			defaultConfigurationName = Release;
		};
		14A334C6251AB86500C5CA11 /* Build configuration list for PBXNativeTarget "flixster" */ = {
			isa = XCConfigurationList;
			buildConfigurations = (
				14A334C7251AB86500C5CA11 /* Debug */,
				14A334C8251AB86500C5CA11 /* Release */,
			);
			defaultConfigurationIsVisible = 0;
			defaultConfigurationName = Release;
		};
		14A334C9251AB86500C5CA11 /* Build configuration list for PBXNativeTarget "flixsterTests" */ = {
			isa = XCConfigurationList;
			buildConfigurations = (
				14A334CA251AB86500C5CA11 /* Debug */,
				14A334CB251AB86500C5CA11 /* Release */,
			);
			defaultConfigurationIsVisible = 0;
			defaultConfigurationName = Release;
		};
		14A334CC251AB86500C5CA11 /* Build configuration list for PBXNativeTarget "flixsterUITests" */ = {
			isa = XCConfigurationList;
			buildConfigurations = (
				14A334CD251AB86500C5CA11 /* Debug */,
				14A334CE251AB86500C5CA11 /* Release */,
			);
			defaultConfigurationIsVisible = 0;
			defaultConfigurationName = Release;
		};
/* End XCConfigurationList section */
	};
	rootObject = 14A33494251AB86000C5CA11 /* Project object */;
}
